
Microsoft Visual Studio Solution File, Format Version 12.00
# Visual Studio 15
VisualStudioVersion = 15.0.26124.0
MinimumVisualStudioVersion = 15.0.26124.0
Project("{2150E333-8FDC-42A3-9474-1A3956D46DE8}") = "src", "src", "{F370DEF6-286E-4D25-A408-007A93FD2C89}"
EndProject
Project("{FAE04EC0-301F-11D3-BF4B-00C04F79EFBC}") = "CronBackgroundServices", "src\CronBackgroundServices\CronBackgroundServices.csproj", "{2EB6C258-40DC-4057-B77D-1AA859B802EC}"
EndProject
Global
	GlobalSection(SolutionConfigurationPlatforms) = preSolution
		Debug|Any CPU = Debug|Any CPU
		Debug|x64 = Debug|x64
		Debug|x86 = Debug|x86
		Release|Any CPU = Release|Any CPU
		Release|x64 = Release|x64
		Release|x86 = Release|x86
	EndGlobalSection
	GlobalSection(SolutionProperties) = preSolution
		HideSolutionNode = FALSE
	EndGlobalSection
	GlobalSection(ProjectConfigurationPlatforms) = postSolution
		{2EB6C258-40DC-4057-B77D-1AA859B802EC}.Debug|Any CPU.ActiveCfg = Debug|Any CPU
		{2EB6C258-40DC-4057-B77D-1AA859B802EC}.Debug|Any CPU.Build.0 = Debug|Any CPU
		{2EB6C258-40DC-4057-B77D-1AA859B802EC}.Debug|x64.ActiveCfg = Debug|Any CPU
		{2EB6C258-40DC-4057-B77D-1AA859B802EC}.Debug|x64.Build.0 = Debug|Any CPU
		{2EB6C258-40DC-4057-B77D-1AA859B802EC}.Debug|x86.ActiveCfg = Debug|Any CPU
		{2EB6C258-40DC-4057-B77D-1AA859B802EC}.Debug|x86.Build.0 = Debug|Any CPU
		{2EB6C258-40DC-4057-B77D-1AA859B802EC}.Release|Any CPU.ActiveCfg = Release|Any CPU
		{2EB6C258-40DC-4057-B77D-1AA859B802EC}.Release|Any CPU.Build.0 = Release|Any CPU
		{2EB6C258-40DC-4057-B77D-1AA859B802EC}.Release|x64.ActiveCfg = Release|Any CPU
		{2EB6C258-40DC-4057-B77D-1AA859B802EC}.Release|x64.Build.0 = Release|Any CPU
		{2EB6C258-40DC-4057-B77D-1AA859B802EC}.Release|x86.ActiveCfg = Release|Any CPU
		{2EB6C258-40DC-4057-B77D-1AA859B802EC}.Release|x86.Build.0 = Release|Any CPU
	EndGlobalSection
	GlobalSection(NestedProjects) = preSolution
		{2EB6C258-40DC-4057-B77D-1AA859B802EC} = {F370DEF6-286E-4D25-A408-007A93FD2C89}
	EndGlobalSection
EndGlobal
